PODS:
  - Action (4.1.0):
    - RxCocoa (~> 5.0)
    - RxSwift (~> 5.0)
  - Alamofire (5.2.2)
  - Moya/Core (14.0.0):
    - Alamofire (~> 5.0)
  - Moya/RxSwift (14.0.0):
    - Moya/Core
    - RxSwift (~> 5.0)
  - RxCocoa (5.1.1):
    - RxRelay (~> 5)
    - RxSwift (~> 5)
  - RxRelay (5.1.1):
    - RxSwift (~> 5)
  - RxSwift (5.1.1)
  - SwiftLint (0.40.2)
  - Swinject (2.7.1)
  - SwinjectStoryboard (2.2.0):
    - Swinject (~> 2.6)

DEPENDENCIES:
  - Action (~> 4.0)
  - Moya/RxSwift (~> 14.0)
  - RxCocoa (~> 5)
  - RxSwift (~> 5)
  - SwiftLint
  - Swinject (~> 2.7.1)
  - SwinjectStoryboard (from `https://github.com/anuragajwani/SwinjectStoryboard`)

SPEC REPOS:
  trunk:
    - Action
    - Alamofire
    - Moya
    - RxCocoa
    - RxRelay
    - RxSwift
    - SwiftLint
    - Swinject

EXTERNAL SOURCES:
  SwinjectStoryboard:
    :git: https://github.com/anuragajwani/SwinjectStoryboard

CHECKOUT OPTIONS:
  SwinjectStoryboard:
    :commit: 821b5abd9d0bdfb05b589de652901152f4d5fa8f
    :git: https://github.com/anuragajwani/SwinjectStoryboard

SPEC CHECKSUMS:
  Action: 79e6c5dc91e13eea045ab6744b3e5609086671aa
  Alamofire: 814429acc853c6c54ff123fc3d2ef66803823ce0
  Moya: 5b45dacb75adb009f97fde91c204c1e565d31916
  RxCocoa: 32065309a38d29b5b0db858819b5bf9ef038b601
  RxRelay: d77f7d771495f43c556cbc43eebd1bb54d01e8e9
  RxSwift: 81470a2074fa8780320ea5fe4102807cb7118178
  SwiftLint: 1216c910d27c2633ade33b4f071bb6b930982e62
  Swinject: ddf78b8486dd9b71a667b852cad919ab4484478e
  SwinjectStoryboard: 32512ef16c2b0ff5b8f823b23539c4a50f6d3383

PODFILE CHECKSUM: 59b06383c147c0c98c9df92f61dc7b35fc007ab1

COCOAPODS: 1.9.3
