// !$*UTF8*$!
{
	archiveVersion = 1;
	classes = {
	};
	objectVersion = 51;
	objects = {

/* Begin PBXBuildFile section */
		036223F52517A6E900060B4C /* Configs.swift in Sources */ = {isa = PBXBuildFile; fileRef = 036223F42517A6E900060B4C /* Configs.swift */; };
		036223FC2517C0CD00060B4C /* CurrentWeatherResponse.json in Resources */ = {isa = PBXBuildFile; fileRef = 036223FB2517C0CD00060B4C /* CurrentWeatherResponse.json */; };
		036223FE2517C10B00060B4C /* HourlyWeatherResponse.json in Resources */ = {isa = PBXBuildFile; fileRef = 036223FD2517C10B00060B4C /* HourlyWeatherResponse.json */; };
		036224002517C13E00060B4C /* BaseAPI.swift in Sources */ = {isa = PBXBuildFile; fileRef = 036223FF2517C13E00060B4C /* BaseAPI.swift */; };
		036224072517C5F000060B4C /* WeatherService.swift in Sources */ = {isa = PBXBuildFile; fileRef = 036224062517C5F000060B4C /* WeatherService.swift */; };
		036D3A7A251F7FD300D34397 /* WeatherAPI.swift in Sources */ = {isa = PBXBuildFile; fileRef = 036D3A79251F7FD300D34397 /* WeatherAPI.swift */; };
		036D3AA9251F93FA00D34397 /* TodayForecastResponse.swift in Sources */ = {isa = PBXBuildFile; fileRef = 036D3AA8251F93FA00D34397 /* TodayForecastResponse.swift */; };
		038473BA251774C5009FB9E4 /* AppDelegate.swift in Sources */ = {isa = PBXBuildFile; fileRef = 038473B9251774C5009FB9E4 /* AppDelegate.swift */; };
		038473C1251774C7009FB9E4 /* Assets.xcassets in Resources */ = {isa = PBXBuildFile; fileRef = 038473C0251774C7009FB9E4 /* Assets.xcassets */; };
		03929D29251A67B000BE66E0 /* LaunchScreen.storyboard in Resources */ = {isa = PBXBuildFile; fileRef = 03929D28251A67B000BE66E0 /* LaunchScreen.storyboard */; };
		03929E70251A7D8F00BE66E0 /* HomeCoordinator.swift in Sources */ = {isa = PBXBuildFile; fileRef = 03929E6F251A7D8F00BE66E0 /* HomeCoordinator.swift */; };
		03929E73251A7D9A00BE66E0 /* AppCoordinator.swift in Sources */ = {isa = PBXBuildFile; fileRef = 03929E72251A7D9A00BE66E0 /* AppCoordinator.swift */; };
		03929E76251A7DA100BE66E0 /* Coordinator.swift in Sources */ = {isa = PBXBuildFile; fileRef = 03929E75251A7DA100BE66E0 /* Coordinator.swift */; };
		03929E7B251A803500BE66E0 /* HomeVM.swift in Sources */ = {isa = PBXBuildFile; fileRef = 03929E7A251A803500BE66E0 /* HomeVM.swift */; };
		03A6FE25252119A500E43E8E /* ErrorTracker.swift in Sources */ = {isa = PBXBuildFile; fileRef = 03A6FE24252119A500E43E8E /* ErrorTracker.swift */; };
		03C16102251A842E0003D7EB /* HomeVC.swift in Sources */ = {isa = PBXBuildFile; fileRef = 03C16101251A842E0003D7EB /* HomeVC.swift */; };
		03C16106251A84920003D7EB /* HomeAssembly.swift in Sources */ = {isa = PBXBuildFile; fileRef = 03C16105251A84920003D7EB /* HomeAssembly.swift */; };
		03C16162251A8DC50003D7EB /* Extension+Swinject.swift in Sources */ = {isa = PBXBuildFile; fileRef = 03C16161251A8DC50003D7EB /* Extension+Swinject.swift */; };
		03C161DB251A90E60003D7EB /* Extension+Storyboard.swift in Sources */ = {isa = PBXBuildFile; fileRef = 03C161DA251A90E60003D7EB /* Extension+Storyboard.swift */; };
		03C161DF251A98050003D7EB /* Home.storyboard in Resources */ = {isa = PBXBuildFile; fileRef = 03929DE3251A715D00BE66E0 /* Home.storyboard */; };
		03D0F610252F95590038E6D3 /* Extension+Observable.swift in Sources */ = {isa = PBXBuildFile; fileRef = 03D0F60F252F95590038E6D3 /* Extension+Observable.swift */; };
		03D0F655252F9E2E0038E6D3 /* ViewModel.swift in Sources */ = {isa = PBXBuildFile; fileRef = 03D0F654252F9E2E0038E6D3 /* ViewModel.swift */; };
		03E8ED632521045C00CDB8CA /* Configs.swift in Sources */ = {isa = PBXBuildFile; fileRef = 03E8ED622521045C00CDB8CA /* Configs.swift */; };
		03E8ED742521066200CDB8CA /* ActivityIndicator.swift in Sources */ = {isa = PBXBuildFile; fileRef = 03E8ED732521066200CDB8CA /* ActivityIndicator.swift */; };
		3359277419B66A148A2A3C7F /* Pods_WeatherApp.framework in Frameworks */ = {isa = PBXBuildFile; fileRef = 2320FFE791526109226CC102 /* Pods_WeatherApp.framework */; };
/* End PBXBuildFile section */

/* Begin PBXFileReference section */
		036223F42517A6E900060B4C /* Configs.swift */ = {isa = PBXFileReference; lastKnownFileType = sourcecode.swift; name = Configs.swift; path = Utilities/Configs.swift; sourceTree = "<group>"; };
		036223FB2517C0CD00060B4C /* CurrentWeatherResponse.json */ = {isa = PBXFileReference; lastKnownFileType = text.json; path = CurrentWeatherResponse.json; sourceTree = "<group>"; };
		036223FD2517C10B00060B4C /* HourlyWeatherResponse.json */ = {isa = PBXFileReference; lastKnownFileType = text.json; path = HourlyWeatherResponse.json; sourceTree = "<group>"; };
		036223FF2517C13E00060B4C /* BaseAPI.swift */ = {isa = PBXFileReference; lastKnownFileType = sourcecode.swift; path = BaseAPI.swift; sourceTree = "<group>"; };
		036224062517C5F000060B4C /* WeatherService.swift */ = {isa = PBXFileReference; lastKnownFileType = sourcecode.swift; path = WeatherService.swift; sourceTree = "<group>"; };
		036D3A79251F7FD300D34397 /* WeatherAPI.swift */ = {isa = PBXFileReference; lastKnownFileType = sourcecode.swift; path = WeatherAPI.swift; sourceTree = "<group>"; };
		036D3AA8251F93FA00D34397 /* TodayForecastResponse.swift */ = {isa = PBXFileReference; lastKnownFileType = sourcecode.swift; path = TodayForecastResponse.swift; sourceTree = "<group>"; };
		038473B4251774C5009FB9E4 /* WeatherApp.app */ = {isa = PBXFileReference; explicitFileType = wrapper.application; includeInIndex = 0; path = WeatherApp.app; sourceTree = BUILT_PRODUCTS_DIR; };
		038473B9251774C5009FB9E4 /* AppDelegate.swift */ = {isa = PBXFileReference; lastKnownFileType = sourcecode.swift; name = AppDelegate.swift; path = Application/AppDelegate.swift; sourceTree = "<group>"; };
		038473C0251774C7009FB9E4 /* Assets.xcassets */ = {isa = PBXFileReference; lastKnownFileType = folder.assetcatalog; path = Assets.xcassets; sourceTree = "<group>"; };
		03929D28251A67B000BE66E0 /* LaunchScreen.storyboard */ = {isa = PBXFileReference; fileEncoding = 4; lastKnownFileType = file.storyboard; name = LaunchScreen.storyboard; path = SupportedFiles/LaunchScreen.storyboard; sourceTree = "<group>"; };
		03929D2B251A67BF00BE66E0 /* Info.plist */ = {isa = PBXFileReference; fileEncoding = 4; lastKnownFileType = text.plist.xml; name = Info.plist; path = SupportedFiles/Info.plist; sourceTree = "<group>"; };
		03929DE3251A715D00BE66E0 /* Home.storyboard */ = {isa = PBXFileReference; lastKnownFileType = file.storyboard; name = Home.storyboard; path = Home/Home.storyboard; sourceTree = "<group>"; };
		03929E6F251A7D8F00BE66E0 /* HomeCoordinator.swift */ = {isa = PBXFileReference; fileEncoding = 4; lastKnownFileType = sourcecode.swift; path = HomeCoordinator.swift; sourceTree = "<group>"; };
		03929E72251A7D9A00BE66E0 /* AppCoordinator.swift */ = {isa = PBXFileReference; fileEncoding = 4; lastKnownFileType = sourcecode.swift; name = AppCoordinator.swift; path = Application/AppCoordinator.swift; sourceTree = "<group>"; };
		03929E75251A7DA100BE66E0 /* Coordinator.swift */ = {isa = PBXFileReference; fileEncoding = 4; lastKnownFileType = sourcecode.swift; path = Coordinator.swift; sourceTree = "<group>"; };
		03929E7A251A803500BE66E0 /* HomeVM.swift */ = {isa = PBXFileReference; lastKnownFileType = sourcecode.swift; path = HomeVM.swift; sourceTree = "<group>"; };
		03A6FE24252119A500E43E8E /* ErrorTracker.swift */ = {isa = PBXFileReference; lastKnownFileType = sourcecode.swift; path = ErrorTracker.swift; sourceTree = "<group>"; };
		03C16101251A842E0003D7EB /* HomeVC.swift */ = {isa = PBXFileReference; lastKnownFileType = sourcecode.swift; path = HomeVC.swift; sourceTree = "<group>"; };
		03C16105251A84920003D7EB /* HomeAssembly.swift */ = {isa = PBXFileReference; lastKnownFileType = sourcecode.swift; path = HomeAssembly.swift; sourceTree = "<group>"; };
		03C16161251A8DC50003D7EB /* Extension+Swinject.swift */ = {isa = PBXFileReference; lastKnownFileType = sourcecode.swift; name = "Extension+Swinject.swift"; path = "Extensions/Extension+Swinject.swift"; sourceTree = "<group>"; };
		03C161DA251A90E60003D7EB /* Extension+Storyboard.swift */ = {isa = PBXFileReference; lastKnownFileType = sourcecode.swift; name = "Extension+Storyboard.swift"; path = "Extensions/Extension+Storyboard.swift"; sourceTree = "<group>"; };
		03D0F60F252F95590038E6D3 /* Extension+Observable.swift */ = {isa = PBXFileReference; lastKnownFileType = sourcecode.swift; name = "Extension+Observable.swift"; path = "Extensions/Extension+Observable.swift"; sourceTree = "<group>"; };
		03D0F654252F9E2E0038E6D3 /* ViewModel.swift */ = {isa = PBXFileReference; lastKnownFileType = sourcecode.swift; path = ViewModel.swift; sourceTree = "<group>"; };
		03E8ED622521045C00CDB8CA /* Configs.swift */ = {isa = PBXFileReference; fileEncoding = 4; lastKnownFileType = sourcecode.swift; path = Configs.swift; sourceTree = "<group>"; };
		03E8ED732521066200CDB8CA /* ActivityIndicator.swift */ = {isa = PBXFileReference; fileEncoding = 4; lastKnownFileType = sourcecode.swift; path = ActivityIndicator.swift; sourceTree = "<group>"; };
		2320FFE791526109226CC102 /* Pods_WeatherApp.framework */ = {isa = PBXFileReference; explicitFileType = wrapper.framework; includeInIndex = 0; path = Pods_WeatherApp.framework; sourceTree = BUILT_PRODUCTS_DIR; };
		5FFDC3F23E1E938930FC2053 /* Pods-WeatherApp.debug.xcconfig */ = {isa = PBXFileReference; includeInIndex = 1; lastKnownFileType = text.xcconfig; name = "Pods-WeatherApp.debug.xcconfig"; path = "Target Support Files/Pods-WeatherApp/Pods-WeatherApp.debug.xcconfig"; sourceTree = "<group>"; };
		8B823EE6F92667C0E46BF313 /* Pods-WeatherApp.release.xcconfig */ = {isa = PBXFileReference; includeInIndex = 1; lastKnownFileType = text.xcconfig; name = "Pods-WeatherApp.release.xcconfig"; path = "Target Support Files/Pods-WeatherApp/Pods-WeatherApp.release.xcconfig"; sourceTree = "<group>"; };
/* End PBXFileReference section */

/* Begin PBXFrameworksBuildPhase section */
		038473B1251774C5009FB9E4 /* Frameworks */ = {
			isa = PBXFrameworksBuildPhase;
			buildActionMask = 2147483647;
			files = (
				3359277419B66A148A2A3C7F /* Pods_WeatherApp.framework in Frameworks */,
			);
			runOnlyForDeploymentPostprocessing = 0;
		};
/* End PBXFrameworksBuildPhase section */

/* Begin PBXGroup section */
		036223F32517A6A100060B4C /* Config */ = {
			isa = PBXGroup;
			children = (
				036223F42517A6E900060B4C /* Configs.swift */,
			);
			name = Config;
			sourceTree = "<group>";
		};
		036224032517C54600060B4C /* Home */ = {
			isa = PBXGroup;
			children = (
				03C16104251A846D0003D7EB /* Assembly */,
				03929DE6251A71A200BE66E0 /* Coordinator */,
				036224052517C56500060B4C /* Service */,
				03929E78251A7E1A00BE66E0 /* ViewControllers */,
				03929E79251A7E2C00BE66E0 /* ViewModels */,
			);
			path = Home;
			sourceTree = "<group>";
		};
		036224042517C55100060B4C /* Detail */ = {
			isa = PBXGroup;
			children = (
			);
			path = Detail;
			sourceTree = "<group>";
		};
		036224052517C56500060B4C /* Service */ = {
			isa = PBXGroup;
			children = (
				036224062517C5F000060B4C /* WeatherService.swift */,
			);
			path = Service;
			sourceTree = "<group>";
		};
		036D3A78251F7DD500D34397 /* API */ = {
			isa = PBXGroup;
			children = (
				036D3A79251F7FD300D34397 /* WeatherAPI.swift */,
			);
			path = API;
			sourceTree = "<group>";
		};
		036D3AA7251F937A00D34397 /* Model */ = {
			isa = PBXGroup;
			children = (
				036D3AA8251F93FA00D34397 /* TodayForecastResponse.swift */,
			);
			path = Model;
			sourceTree = "<group>";
		};
		038473AB251774C5009FB9E4 = {
			isa = PBXGroup;
			children = (
				038473B6251774C5009FB9E4 /* WeatherApp */,
				038473B5251774C5009FB9E4 /* Products */,
				D0BB921C36A80E852C236F77 /* Frameworks */,
				95A9F0EC20E11100EC64A0CF /* Pods */,
			);
			sourceTree = "<group>";
		};
		038473B5251774C5009FB9E4 /* Products */ = {
			isa = PBXGroup;
			children = (
				038473B4251774C5009FB9E4 /* WeatherApp.app */,
			);
			name = Products;
			sourceTree = "<group>";
		};
		038473B6251774C5009FB9E4 /* WeatherApp */ = {
			isa = PBXGroup;
			children = (
				038473CD251777C5009FB9E4 /* Application */,
				038473CE251777D0009FB9E4 /* Resources */,
				038473CB25177785009FB9E4 /* Scenes */,
				038473CC25177793009FB9E4 /* Shared */,
				038473D3251778C0009FB9E4 /* SupportedFiles */,
			);
			path = WeatherApp;
			sourceTree = "<group>";
		};
		038473CB25177785009FB9E4 /* Scenes */ = {
			isa = PBXGroup;
			children = (
				036224042517C55100060B4C /* Detail */,
				036224032517C54600060B4C /* Home */,
				03929DE3251A715D00BE66E0 /* Home.storyboard */,
			);
			path = Scenes;
			sourceTree = "<group>";
		};
		038473CC25177793009FB9E4 /* Shared */ = {
			isa = PBXGroup;
			children = (
				03D0F653252F9E1A0038E6D3 /* ViewModel */,
				038473D02517783D009FB9E4 /* Assembly */,
				036223F32517A6A100060B4C /* Config */,
				038473CF25177817009FB9E4 /* Controller */,
				03929DBA251A6EAB00BE66E0 /* Coordinator */,
				038473D12517784B009FB9E4 /* Extension */,
				038473D42517929A009FB9E4 /* Network */,
				03E8ED612521045C00CDB8CA /* Utilities */,
			);
			path = Shared;
			sourceTree = "<group>";
		};
		038473CD251777C5009FB9E4 /* Application */ = {
			isa = PBXGroup;
			children = (
				03929E72251A7D9A00BE66E0 /* AppCoordinator.swift */,
				038473B9251774C5009FB9E4 /* AppDelegate.swift */,
			);
			name = Application;
			sourceTree = "<group>";
		};
		038473CE251777D0009FB9E4 /* Resources */ = {
			isa = PBXGroup;
			children = (
				038473C0251774C7009FB9E4 /* Assets.xcassets */,
				038473D2251778A1009FB9E4 /* StubbedData */,
			);
			path = Resources;
			sourceTree = "<group>";
		};
		038473CF25177817009FB9E4 /* Controller */ = {
			isa = PBXGroup;
			children = (
			);
			name = Controller;
			sourceTree = "<group>";
		};
		038473D02517783D009FB9E4 /* Assembly */ = {
			isa = PBXGroup;
			children = (
			);
			path = Assembly;
			sourceTree = "<group>";
		};
		038473D12517784B009FB9E4 /* Extension */ = {
			isa = PBXGroup;
			children = (
				03C16161251A8DC50003D7EB /* Extension+Swinject.swift */,
				03C161DA251A90E60003D7EB /* Extension+Storyboard.swift */,
				03D0F60F252F95590038E6D3 /* Extension+Observable.swift */,
			);
			name = Extension;
			sourceTree = "<group>";
		};
		038473D2251778A1009FB9E4 /* StubbedData */ = {
			isa = PBXGroup;
			children = (
				036223FB2517C0CD00060B4C /* CurrentWeatherResponse.json */,
				036223FD2517C10B00060B4C /* HourlyWeatherResponse.json */,
			);
			name = StubbedData;
			sourceTree = "<group>";
		};
		038473D3251778C0009FB9E4 /* SupportedFiles */ = {
			isa = PBXGroup;
			children = (
				03929D2B251A67BF00BE66E0 /* Info.plist */,
				03929D28251A67B000BE66E0 /* LaunchScreen.storyboard */,
			);
			name = SupportedFiles;
			sourceTree = "<group>";
		};
		038473D42517929A009FB9E4 /* Network */ = {
			isa = PBXGroup;
			children = (
				036D3AA7251F937A00D34397 /* Model */,
				036D3A78251F7DD500D34397 /* API */,
				036223FF2517C13E00060B4C /* BaseAPI.swift */,
			);
			path = Network;
			sourceTree = "<group>";
		};
		03929DBA251A6EAB00BE66E0 /* Coordinator */ = {
			isa = PBXGroup;
			children = (
				03929DBB251A6EB400BE66E0 /* Protocols */,
			);
			path = Coordinator;
			sourceTree = "<group>";
		};
		03929DBB251A6EB400BE66E0 /* Protocols */ = {
			isa = PBXGroup;
			children = (
				03929E75251A7DA100BE66E0 /* Coordinator.swift */,
			);
			path = Protocols;
			sourceTree = "<group>";
		};
		03929DE6251A71A200BE66E0 /* Coordinator */ = {
			isa = PBXGroup;
			children = (
				03929E6F251A7D8F00BE66E0 /* HomeCoordinator.swift */,
			);
			path = Coordinator;
			sourceTree = "<group>";
		};
		03929E78251A7E1A00BE66E0 /* ViewControllers */ = {
			isa = PBXGroup;
			children = (
				03C16101251A842E0003D7EB /* HomeVC.swift */,
			);
			path = ViewControllers;
			sourceTree = "<group>";
		};
		03929E79251A7E2C00BE66E0 /* ViewModels */ = {
			isa = PBXGroup;
			children = (
				03929E7A251A803500BE66E0 /* HomeVM.swift */,
			);
			path = ViewModels;
			sourceTree = "<group>";
		};
		03C16104251A846D0003D7EB /* Assembly */ = {
			isa = PBXGroup;
			children = (
				03C16105251A84920003D7EB /* HomeAssembly.swift */,
			);
			path = Assembly;
			sourceTree = "<group>";
		};
		03D0F653252F9E1A0038E6D3 /* ViewModel */ = {
			isa = PBXGroup;
			children = (
				03D0F654252F9E2E0038E6D3 /* ViewModel.swift */,
			);
			path = ViewModel;
			sourceTree = "<group>";
		};
		03E8ED612521045C00CDB8CA /* Utilities */ = {
			isa = PBXGroup;
			children = (
				03E8ED732521066200CDB8CA /* ActivityIndicator.swift */,
				03E8ED622521045C00CDB8CA /* Configs.swift */,
				03A6FE24252119A500E43E8E /* ErrorTracker.swift */,
			);
			path = Utilities;
			sourceTree = "<group>";
		};
		95A9F0EC20E11100EC64A0CF /* Pods */ = {
			isa = PBXGroup;
			children = (
				5FFDC3F23E1E938930FC2053 /* Pods-WeatherApp.debug.xcconfig */,
				8B823EE6F92667C0E46BF313 /* Pods-WeatherApp.release.xcconfig */,
			);
			path = Pods;
			sourceTree = "<group>";
		};
		D0BB921C36A80E852C236F77 /* Frameworks */ = {
			isa = PBXGroup;
			children = (
				2320FFE791526109226CC102 /* Pods_WeatherApp.framework */,
			);
			name = Frameworks;
			sourceTree = "<group>";
		};
/* End PBXGroup section */

/* Begin PBXNativeTarget section */
		038473B3251774C5009FB9E4 /* WeatherApp */ = {
			isa = PBXNativeTarget;
			buildConfigurationList = 038473C8251774C7009FB9E4 /* Build configuration list for PBXNativeTarget "WeatherApp" */;
			buildPhases = (
				B44ACBC5584360FF37223E1B /* [CP] Check Pods Manifest.lock */,
				038473B0251774C5009FB9E4 /* Sources */,
				038473B1251774C5009FB9E4 /* Frameworks */,
				038473B2251774C5009FB9E4 /* Resources */,
				CEA2029B40FAD0BB67407EAC /* [CP] Embed Pods Frameworks */,
			);
			buildRules = (
			);
			dependencies = (
			);
			name = WeatherApp;
			productName = WeatherApp;
			productReference = 038473B4251774C5009FB9E4 /* WeatherApp.app */;
			productType = "com.apple.product-type.application";
		};
/* End PBXNativeTarget section */

/* Begin PBXProject section */
		038473AC251774C5009FB9E4 /* Project object */ = {
			isa = PBXProject;
			attributes = {
				LastSwiftUpdateCheck = 1160;
				LastUpgradeCheck = 1200;
				ORGANIZATIONNAME = umtblbl;
				TargetAttributes = {
					038473B3251774C5009FB9E4 = {
						CreatedOnToolsVersion = 11.6;
					};
				};
			};
			buildConfigurationList = 038473AF251774C5009FB9E4 /* Build configuration list for PBXProject "WeatherApp" */;
			compatibilityVersion = "Xcode 9.3";
			developmentRegion = en;
			hasScannedForEncodings = 0;
			knownRegions = (
				en,
				Base,
			);
			mainGroup = 038473AB251774C5009FB9E4;
			productRefGroup = 038473B5251774C5009FB9E4 /* Products */;
			projectDirPath = "";
			projectRoot = "";
			targets = (
				038473B3251774C5009FB9E4 /* WeatherApp */,
			);
		};
/* End PBXProject section */

/* Begin PBXResourcesBuildPhase section */
		038473B2251774C5009FB9E4 /* Resources */ = {
			isa = PBXResourcesBuildPhase;
			buildActionMask = 2147483647;
			files = (
				036223FE2517C10B00060B4C /* HourlyWeatherResponse.json in Resources */,
				03C161DF251A98050003D7EB /* Home.storyboard in Resources */,
				036223FC2517C0CD00060B4C /* CurrentWeatherResponse.json in Resources */,
				03929D29251A67B000BE66E0 /* LaunchScreen.storyboard in Resources */,
				038473C1251774C7009FB9E4 /* Assets.xcassets in Resources */,
			);
			runOnlyForDeploymentPostprocessing = 0;
		};
/* End PBXResourcesBuildPhase section */

/* Begin PBXShellScriptBuildPhase section */
		B44ACBC5584360FF37223E1B /* [CP] Check Pods Manifest.lock */ = {
			isa = PBXShellScriptBuildPhase;
			buildActionMask = 2147483647;
			files = (
			);
			inputFileListPaths = (
			);
			inputPaths = (
				"${PODS_PODFILE_DIR_PATH}/Podfile.lock",
				"${PODS_ROOT}/Manifest.lock",
			);
			name = "[CP] Check Pods Manifest.lock";
			outputFileListPaths = (
			);
			outputPaths = (
				"$(DERIVED_FILE_DIR)/Pods-WeatherApp-checkManifestLockResult.txt",
			);
			runOnlyForDeploymentPostprocessing = 0;
			shellPath = /bin/sh;
			shellScript = "diff \"${PODS_PODFILE_DIR_PATH}/Podfile.lock\" \"${PODS_ROOT}/Manifest.lock\" > /dev/null\nif [ $? != 0 ] ; then\n    # print error to STDERR\n    echo \"error: The sandbox is not in sync with the Podfile.lock. Run 'pod install' or update your CocoaPods installation.\" >&2\n    exit 1\nfi\n# This output is used by Xcode 'outputs' to avoid re-running this script phase.\necho \"SUCCESS\" > \"${SCRIPT_OUTPUT_FILE_0}\"\n";
			showEnvVarsInLog = 0;
		};
		CEA2029B40FAD0BB67407EAC /* [CP] Embed Pods Frameworks */ = {
			isa = PBXShellScriptBuildPhase;
			buildActionMask = 2147483647;
			files = (
			);
			inputFileListPaths = (
				"${PODS_ROOT}/Target Support Files/Pods-WeatherApp/Pods-WeatherApp-frameworks-${CONFIGURATION}-input-files.xcfilelist",
			);
			name = "[CP] Embed Pods Frameworks";
			outputFileListPaths = (
				"${PODS_ROOT}/Target Support Files/Pods-WeatherApp/Pods-WeatherApp-frameworks-${CONFIGURATION}-output-files.xcfilelist",
			);
			runOnlyForDeploymentPostprocessing = 0;
			shellPath = /bin/sh;
			shellScript = "\"${PODS_ROOT}/Target Support Files/Pods-WeatherApp/Pods-WeatherApp-frameworks.sh\"\n";
			showEnvVarsInLog = 0;
		};
/* End PBXShellScriptBuildPhase section */

/* Begin PBXSourcesBuildPhase section */
		038473B0251774C5009FB9E4 /* Sources */ = {
			isa = PBXSourcesBuildPhase;
			buildActionMask = 2147483647;
			files = (
				036223F52517A6E900060B4C /* Configs.swift in Sources */,
				03C16102251A842E0003D7EB /* HomeVC.swift in Sources */,
				03C161DB251A90E60003D7EB /* Extension+Storyboard.swift in Sources */,
				03C16106251A84920003D7EB /* HomeAssembly.swift in Sources */,
				03929E7B251A803500BE66E0 /* HomeVM.swift in Sources */,
				03E8ED632521045C00CDB8CA /* Configs.swift in Sources */,
				03A6FE25252119A500E43E8E /* ErrorTracker.swift in Sources */,
				036224002517C13E00060B4C /* BaseAPI.swift in Sources */,
				03D0F610252F95590038E6D3 /* Extension+Observable.swift in Sources */,
				03929E73251A7D9A00BE66E0 /* AppCoordinator.swift in Sources */,
				038473BA251774C5009FB9E4 /* AppDelegate.swift in Sources */,
				03D0F655252F9E2E0038E6D3 /* ViewModel.swift in Sources */,
				03C16162251A8DC50003D7EB /* Extension+Swinject.swift in Sources */,
				036D3AA9251F93FA00D34397 /* TodayForecastResponse.swift in Sources */,
				03929E70251A7D8F00BE66E0 /* HomeCoordinator.swift in Sources */,
				03E8ED742521066200CDB8CA /* ActivityIndicator.swift in Sources */,
				036D3A7A251F7FD300D34397 /* WeatherAPI.swift in Sources */,
				036224072517C5F000060B4C /* WeatherService.swift in Sources */,
				03929E76251A7DA100BE66E0 /* Coordinator.swift in Sources */,
			);
			runOnlyForDeploymentPostprocessing = 0;
		};
/* End PBXSourcesBuildPhase section */

/* Begin XCBuildConfiguration section */
		038473C6251774C7009FB9E4 /* Debug */ = {
			isa = XCBuildConfiguration;
			buildSettings = {
				ALWAYS_SEARCH_USER_PATHS = NO;
				CLANG_ANALYZER_NONNULL = YES;
				CLANG_ANALYZER_NUMBER_OBJECT_CONVERSION = YES_AGGRESSIVE;
				CLANG_CXX_LANGUAGE_STANDARD = "gnu++14";
				CLANG_CXX_LIBRARY = "libc++";
				CLANG_ENABLE_MODULES = YES;
				CLANG_ENABLE_OBJC_ARC = YES;
				CLANG_ENABLE_OBJC_WEAK = YES;
				CLANG_WARN_BLOCK_CAPTURE_AUTORELEASING = YES;
				CLANG_WARN_BOOL_CONVERSION = YES;
				CLANG_WARN_COMMA = YES;
				CLANG_WARN_CONSTANT_CONVERSION = YES;
				CLANG_WARN_DEPRECATED_OBJC_IMPLEMENTATIONS = YES;
				CLANG_WARN_DIRECT_OBJC_ISA_USAGE = YES_ERROR;
				CLANG_WARN_DOCUMENTATION_COMMENTS = YES;
				CLANG_WARN_EMPTY_BODY = YES;
				CLANG_WARN_ENUM_CONVERSION = YES;
				CLANG_WARN_INFINITE_RECURSION = YES;
				CLANG_WARN_INT_CONVERSION = YES;
				CLANG_WARN_NON_LITERAL_NULL_CONVERSION = YES;
				CLANG_WARN_OBJC_IMPLICIT_RETAIN_SELF = YES;
				CLANG_WARN_OBJC_LITERAL_CONVERSION = YES;
				CLANG_WARN_OBJC_ROOT_CLASS = YES_ERROR;
				CLANG_WARN_QUOTED_INCLUDE_IN_FRAMEWORK_HEADER = YES;
				CLANG_WARN_RANGE_LOOP_ANALYSIS = YES;
				CLANG_WARN_STRICT_PROTOTYPES = YES;
				CLANG_WARN_SUSPICIOUS_MOVE = YES;
				CLANG_WARN_UNGUARDED_AVAILABILITY = YES_AGGRESSIVE;
				CLANG_WARN_UNREACHABLE_CODE = YES;
				CLANG_WARN__DUPLICATE_METHOD_MATCH = YES;
				COPY_PHASE_STRIP = NO;
				DEBUG_INFORMATION_FORMAT = dwarf;
				ENABLE_STRICT_OBJC_MSGSEND = YES;
				ENABLE_TESTABILITY = YES;
				GCC_C_LANGUAGE_STANDARD = gnu11;
				GCC_DYNAMIC_NO_PIC = NO;
				GCC_NO_COMMON_BLOCKS = YES;
				GCC_OPTIMIZATION_LEVEL = 0;
				GCC_PREPROCESSOR_DEFINITIONS = (
					"DEBUG=1",
					"$(inherited)",
				);
				GCC_WARN_64_TO_32_BIT_CONVERSION = YES;
				GCC_WARN_ABOUT_RETURN_TYPE = YES_ERROR;
				GCC_WARN_UNDECLARED_SELECTOR = YES;
				GCC_WARN_UNINITIALIZED_AUTOS = YES_AGGRESSIVE;
				GCC_WARN_UNUSED_FUNCTION = YES;
				GCC_WARN_UNUSED_VARIABLE = YES;
				IPHONEOS_DEPLOYMENT_TARGET = 13.6;
				MTL_ENABLE_DEBUG_INFO = INCLUDE_SOURCE;
				MTL_FAST_MATH = YES;
				ONLY_ACTIVE_ARCH = YES;
				SDKROOT = iphoneos;
				SWIFT_ACTIVE_COMPILATION_CONDITIONS = DEBUG;
				SWIFT_OPTIMIZATION_LEVEL = "-Onone";
			};
			name = Debug;
		};
		038473C7251774C7009FB9E4 /* Release */ = {
			isa = XCBuildConfiguration;
			buildSettings = {
				ALWAYS_SEARCH_USER_PATHS = NO;
				CLANG_ANALYZER_NONNULL = YES;
				CLANG_ANALYZER_NUMBER_OBJECT_CONVERSION = YES_AGGRESSIVE;
				CLANG_CXX_LANGUAGE_STANDARD = "gnu++14";
				CLANG_CXX_LIBRARY = "libc++";
				CLANG_ENABLE_MODULES = YES;
				CLANG_ENABLE_OBJC_ARC = YES;
				CLANG_ENABLE_OBJC_WEAK = YES;
				CLANG_WARN_BLOCK_CAPTURE_AUTORELEASING = YES;
				CLANG_WARN_BOOL_CONVERSION = YES;
				CLANG_WARN_COMMA = YES;
				CLANG_WARN_CONSTANT_CONVERSION = YES;
				CLANG_WARN_DEPRECATED_OBJC_IMPLEMENTATIONS = YES;
				CLANG_WARN_DIRECT_OBJC_ISA_USAGE = YES_ERROR;
				CLANG_WARN_DOCUMENTATION_COMMENTS = YES;
				CLANG_WARN_EMPTY_BODY = YES;
				CLANG_WARN_ENUM_CONVERSION = YES;
				CLANG_WARN_INFINITE_RECURSION = YES;
				CLANG_WARN_INT_CONVERSION = YES;
				CLANG_WARN_NON_LITERAL_NULL_CONVERSION = YES;
				CLANG_WARN_OBJC_IMPLICIT_RETAIN_SELF = YES;
				CLANG_WARN_OBJC_LITERAL_CONVERSION = YES;
				CLANG_WARN_OBJC_ROOT_CLASS = YES_ERROR;
				CLANG_WARN_QUOTED_INCLUDE_IN_FRAMEWORK_HEADER = YES;
				CLANG_WARN_RANGE_LOOP_ANALYSIS = YES;
				CLANG_WARN_STRICT_PROTOTYPES = YES;
				CLANG_WARN_SUSPICIOUS_MOVE = YES;
				CLANG_WARN_UNGUARDED_AVAILABILITY = YES_AGGRESSIVE;
				CLANG_WARN_UNREACHABLE_CODE = YES;
				CLANG_WARN__DUPLICATE_METHOD_MATCH = YES;
				COPY_PHASE_STRIP = NO;
				DEBUG_INFORMATION_FORMAT = "dwarf-with-dsym";
				ENABLE_NS_ASSERTIONS = NO;
				ENABLE_STRICT_OBJC_MSGSEND = YES;
				GCC_C_LANGUAGE_STANDARD = gnu11;
				GCC_NO_COMMON_BLOCKS = YES;
				GCC_WARN_64_TO_32_BIT_CONVERSION = YES;
				GCC_WARN_ABOUT_RETURN_TYPE = YES_ERROR;
				GCC_WARN_UNDECLARED_SELECTOR = YES;
				GCC_WARN_UNINITIALIZED_AUTOS = YES_AGGRESSIVE;
				GCC_WARN_UNUSED_FUNCTION = YES;
				GCC_WARN_UNUSED_VARIABLE = YES;
				IPHONEOS_DEPLOYMENT_TARGET = 13.6;
				MTL_ENABLE_DEBUG_INFO = NO;
				MTL_FAST_MATH = YES;
				SDKROOT = iphoneos;
				SWIFT_COMPILATION_MODE = wholemodule;
				SWIFT_OPTIMIZATION_LEVEL = "-O";
				VALIDATE_PRODUCT = YES;
			};
			name = Release;
		};
		038473C9251774C7009FB9E4 /* Debug */ = {
			isa = XCBuildConfiguration;
			baseConfigurationReference = 5FFDC3F23E1E938930FC2053 /* Pods-WeatherApp.debug.xcconfig */;
			buildSettings = {
				ASSETCATALOG_COMPILER_APPICON_NAME = AppIcon;
				CODE_SIGN_STYLE = Automatic;
				DEVELOPMENT_TEAM = ZADM7QWLD4;
				INFOPLIST_FILE = WeatherApp/SupportedFiles/Info.plist;
				LD_RUNPATH_SEARCH_PATHS = (
					"$(inherited)",
					"@executable_path/Frameworks",
				);
				PRODUCT_BUNDLE_IDENTIFIER = umtblbl.WeatherApp;
				PRODUCT_NAME = "$(TARGET_NAME)";
				SWIFT_VERSION = 5.0;
				TARGETED_DEVICE_FAMILY = "1,2";
			};
			name = Debug;
		};
		038473CA251774C7009FB9E4 /* Release */ = {
			isa = XCBuildConfiguration;
			baseConfigurationReference = 8B823EE6F92667C0E46BF313 /* Pods-WeatherApp.release.xcconfig */;
			buildSettings = {
				ASSETCATALOG_COMPILER_APPICON_NAME = AppIcon;
				CODE_SIGN_STYLE = Automatic;
				DEVELOPMENT_TEAM = ZADM7QWLD4;
				INFOPLIST_FILE = WeatherApp/SupportedFiles/Info.plist;
				LD_RUNPATH_SEARCH_PATHS = (
					"$(inherited)",
					"@executable_path/Frameworks",
				);
				PRODUCT_BUNDLE_IDENTIFIER = umtblbl.WeatherApp;
				PRODUCT_NAME = "$(TARGET_NAME)";
				SWIFT_VERSION = 5.0;
				TARGETED_DEVICE_FAMILY = "1,2";
			};
			name = Release;
		};
/* End XCBuildConfiguration section */

/* Begin XCConfigurationList section */
		038473AF251774C5009FB9E4 /* Build configuration list for PBXProject "WeatherApp" */ = {
			isa = XCConfigurationList;
			buildConfigurations = (
				038473C6251774C7009FB9E4 /* Debug */,
				038473C7251774C7009FB9E4 /* Release */,
			);
			defaultConfigurationIsVisible = 0;
			defaultConfigurationName = Release;
		};
		038473C8251774C7009FB9E4 /* Build configuration list for PBXNativeTarget "WeatherApp" */ = {
			isa = XCConfigurationList;
			buildConfigurations = (
				038473C9251774C7009FB9E4 /* Debug */,
				038473CA251774C7009FB9E4 /* Release */,
			);
			defaultConfigurationIsVisible = 0;
			defaultConfigurationName = Release;
		};
/* End XCConfigurationList section */
	};
	rootObject = 038473AC251774C5009FB9E4 /* Project object */;
}
